{
  "name": "@yaotou/core",
  "version": "1.0.4",
  "lockfileVersion": 2,
  "requires": true,
  "packages": {
    "": {
      "name": "@yaotou/core",
      "version": "1.0.4",
      "license": "ISC",
      "dependencies": {
        "@yaotou/utils": "file: ../../../../utils/utils"
      },
      "bin": {
        "yaotou": "bin/index.js"
      }
    },
    "../../utils/utils": {
      "name": "@yaotou/utils",
      "version": "1.0.4",
      "license": "ISC"
    },
    "../utils/utils": {
      "extraneous": true
    },
    "node_modules/@yaotou/utils": {
      "resolved": "../../utils/utils",
      "link": true
    },
    "utils/utils": {
      "extraneous": true
    }
  },
  "dependencies": {
    "@yaotou/utils": {
      "version": "file:../../utils/utils"
    }
  }
}
